// !$*UTF8*$!
{
	archiveVersion = 1;
	classes = {
	};
	objectVersion = 56;
	objects = {

/* Begin PBXBuildFile section */
		FB29EF4E2B749FB200FC5B3A /* AudioView.swift in Sources */ = {isa = PBXBuildFile; fileRef = FB29EF4D2B749FB200FC5B3A /* AudioView.swift */; };
		FB29EF542B74B0D700FC5B3A /* DSWaveformImage in Frameworks */ = {isa = PBXBuildFile; productRef = FB29EF532B74B0D700FC5B3A /* DSWaveformImage */; };
		FB29EF562B74B0D700FC5B3A /* DSWaveformImageViews in Frameworks */ = {isa = PBXBuildFile; productRef = FB29EF552B74B0D700FC5B3A /* DSWaveformImageViews */; };
		FB385DC62B77145900B58DD8 /* AppDelegate.swift in Sources */ = {isa = PBXBuildFile; fileRef = FB385DC52B77145900B58DD8 /* AppDelegate.swift */; };
		FB385DC82B7714E900B58DD8 /* AboutView.swift in Sources */ = {isa = PBXBuildFile; fileRef = FB385DC72B7714E900B58DD8 /* AboutView.swift */; };
		FB7401112B764F4200979C59 /* AuditView.swift in Sources */ = {isa = PBXBuildFile; fileRef = FB7401102B764F4200979C59 /* AuditView.swift */; };
		FB8C442C2B7361CD00D8D7F2 /* VocalistApp.swift in Sources */ = {isa = PBXBuildFile; fileRef = FB8C442B2B7361CD00D8D7F2 /* VocalistApp.swift */; };
		FB8C442E2B7361CD00D8D7F2 /* ContentView.swift in Sources */ = {isa = PBXBuildFile; fileRef = FB8C442D2B7361CD00D8D7F2 /* ContentView.swift */; };
		FB8C44302B7361CE00D8D7F2 /* Assets.xcassets in Resources */ = {isa = PBXBuildFile; fileRef = FB8C442F2B7361CE00D8D7F2 /* Assets.xcassets */; };
		FB8C44332B7361CE00D8D7F2 /* Preview Assets.xcassets in Resources */ = {isa = PBXBuildFile; fileRef = FB8C44322B7361CE00D8D7F2 /* Preview Assets.xcassets */; };
		FB8C443B2B73637600D8D7F2 /* ReclistLoader.swift in Sources */ = {isa = PBXBuildFile; fileRef = FB8C443A2B73637600D8D7F2 /* ReclistLoader.swift */; };
		FB8C443E2B73B69400D8D7F2 /* Localizable.strings in Resources */ = {isa = PBXBuildFile; fileRef = FB8C44402B73B69400D8D7F2 /* Localizable.strings */; };
/* End PBXBuildFile section */

/* Begin PBXFileReference section */
		FB29EF4D2B749FB200FC5B3A /* AudioView.swift */ = {isa = PBXFileReference; lastKnownFileType = sourcecode.swift; path = AudioView.swift; sourceTree = "<group>"; };
		FB385DC52B77145900B58DD8 /* AppDelegate.swift */ = {isa = PBXFileReference; lastKnownFileType = sourcecode.swift; path = AppDelegate.swift; sourceTree = "<group>"; };
		FB385DC72B7714E900B58DD8 /* AboutView.swift */ = {isa = PBXFileReference; lastKnownFileType = sourcecode.swift; path = AboutView.swift; sourceTree = "<group>"; };
		FB7401102B764F4200979C59 /* AuditView.swift */ = {isa = PBXFileReference; lastKnownFileType = sourcecode.swift; path = AuditView.swift; sourceTree = "<group>"; };
		FB8C44282B7361CD00D8D7F2 /* Vocalist.app */ = {isa = PBXFileReference; explicitFileType = wrapper.application; includeInIndex = 0; path = Vocalist.app; sourceTree = BUILT_PRODUCTS_DIR; };
		FB8C442B2B7361CD00D8D7F2 /* VocalistApp.swift */ = {isa = PBXFileReference; lastKnownFileType = sourcecode.swift; path = VocalistApp.swift; sourceTree = "<group>"; };
		FB8C442D2B7361CD00D8D7F2 /* ContentView.swift */ = {isa = PBXFileReference; lastKnownFileType = sourcecode.swift; path = ContentView.swift; sourceTree = "<group>"; };
		FB8C442F2B7361CE00D8D7F2 /* Assets.xcassets */ = {isa = PBXFileReference; lastKnownFileType = folder.assetcatalog; path = Assets.xcassets; sourceTree = "<group>"; };
		FB8C44322B7361CE00D8D7F2 /* Preview Assets.xcassets */ = {isa = PBXFileReference; lastKnownFileType = folder.assetcatalog; path = "Preview Assets.xcassets"; sourceTree = "<group>"; };
		FB8C44342B7361CE00D8D7F2 /* Vocalist.entitlements */ = {isa = PBXFileReference; lastKnownFileType = text.plist.entitlements; path = Vocalist.entitlements; sourceTree = "<group>"; };
		FB8C443A2B73637600D8D7F2 /* ReclistLoader.swift */ = {isa = PBXFileReference; lastKnownFileType = sourcecode.swift; path = ReclistLoader.swift; sourceTree = "<group>"; };
		FB8C443F2B73B69400D8D7F2 /* en */ = {isa = PBXFileReference; lastKnownFileType = text.plist.strings; name = en; path = en.lproj/Localizable.strings; sourceTree = "<group>"; };
		FB8C44412B73B69600D8D7F2 /* zh-Hans */ = {isa = PBXFileReference; lastKnownFileType = text.plist.strings; name = "zh-Hans"; path = "zh-Hans.lproj/Localizable.strings"; sourceTree = "<group>"; };
		FB8C44422B73B69700D8D7F2 /* ja */ = {isa = PBXFileReference; lastKnownFileType = text.plist.strings; name = ja; path = ja.lproj/Localizable.strings; sourceTree = "<group>"; };
/* End PBXFileReference section */

/* Begin PBXFrameworksBuildPhase section */
		FB8C44252B7361CD00D8D7F2 /* Frameworks */ = {
			isa = PBXFrameworksBuildPhase;
			buildActionMask = 2147483647;
			files = (
				FB29EF542B74B0D700FC5B3A /* DSWaveformImage in Frameworks */,
				FB29EF562B74B0D700FC5B3A /* DSWaveformImageViews in Frameworks */,
			);
			runOnlyForDeploymentPostprocessing = 0;
		};
/* End PBXFrameworksBuildPhase section */

/* Begin PBXGroup section */
		FB8C441F2B7361CD00D8D7F2 = {
			isa = PBXGroup;
			children = (
				FB8C442A2B7361CD00D8D7F2 /* Vocalist */,
				FB8C44292B7361CD00D8D7F2 /* Products */,
			);
			sourceTree = "<group>";
		};
		FB8C44292B7361CD00D8D7F2 /* Products */ = {
			isa = PBXGroup;
			children = (
				FB8C44282B7361CD00D8D7F2 /* Vocalist.app */,
			);
			name = Products;
			sourceTree = "<group>";
		};
		FB8C442A2B7361CD00D8D7F2 /* Vocalist */ = {
			isa = PBXGroup;
			children = (
				FB385DC52B77145900B58DD8 /* AppDelegate.swift */,
				FB385DC72B7714E900B58DD8 /* AboutView.swift */,
				FB7401102B764F4200979C59 /* AuditView.swift */,
				FB29EF4D2B749FB200FC5B3A /* AudioView.swift */,
				FB8C442B2B7361CD00D8D7F2 /* VocalistApp.swift */,
				FB8C442D2B7361CD00D8D7F2 /* ContentView.swift */,
				FB8C443A2B73637600D8D7F2 /* ReclistLoader.swift */,
				FB8C44402B73B69400D8D7F2 /* Localizable.strings */,
				FB8C442F2B7361CE00D8D7F2 /* Assets.xcassets */,
				FB8C44342B7361CE00D8D7F2 /* Vocalist.entitlements */,
				FB8C44312B7361CE00D8D7F2 /* Preview Content */,
			);
			path = Vocalist;
			sourceTree = "<group>";
		};
		FB8C44312B7361CE00D8D7F2 /* Preview Content */ = {
			isa = PBXGroup;
			children = (
				FB8C44322B7361CE00D8D7F2 /* Preview Assets.xcassets */,
			);
			path = "Preview Content";
			sourceTree = "<group>";
		};
/* End PBXGroup section */

/* Begin PBXNativeTarget section */
		FB8C44272B7361CD00D8D7F2 /* Vocalist */ = {
			isa = PBXNativeTarget;
			buildConfigurationList = FB8C44372B7361CE00D8D7F2 /* Build configuration list for PBXNativeTarget "Vocalist" */;
			buildPhases = (
				FB8C44242B7361CD00D8D7F2 /* Sources */,
				FB8C44252B7361CD00D8D7F2 /* Frameworks */,
				FB8C44262B7361CD00D8D7F2 /* Resources */,
			);
			buildRules = (
			);
			dependencies = (
			);
			name = Vocalist;
			packageProductDependencies = (
				FB29EF532B74B0D700FC5B3A /* DSWaveformImage */,
				FB29EF552B74B0D700FC5B3A /* DSWaveformImageViews */,
			);
			productName = Vocalist;
			productReference = FB8C44282B7361CD00D8D7F2 /* Vocalist.app */;
			productType = "com.apple.product-type.application";
		};
/* End PBXNativeTarget section */

/* Begin PBXProject section */
		FB8C44202B7361CD00D8D7F2 /* Project object */ = {
			isa = PBXProject;
			attributes = {
				BuildIndependentTargetsInParallel = 1;
				LastSwiftUpdateCheck = 1520;
				LastUpgradeCheck = 1520;
				TargetAttributes = {
					FB8C44272B7361CD00D8D7F2 = {
						CreatedOnToolsVersion = 15.2;
					};
				};
			};
			buildConfigurationList = FB8C44232B7361CD00D8D7F2 /* Build configuration list for PBXProject "Vocalist" */;
			compatibilityVersion = "Xcode 14.0";
			developmentRegion = en;
			hasScannedForEncodings = 0;
			knownRegions = (
				en,
				Base,
				"zh-Hans",
				ja,
			);
			mainGroup = FB8C441F2B7361CD00D8D7F2;
			packageReferences = (
				FB29EF522B74B0D700FC5B3A /* XCRemoteSwiftPackageReference "DSWaveformImage" */,
			);
			productRefGroup = FB8C44292B7361CD00D8D7F2 /* Products */;
			projectDirPath = "";
			projectRoot = "";
			targets = (
				FB8C44272B7361CD00D8D7F2 /* Vocalist */,
			);
		};
/* End PBXProject section */

/* Begin PBXResourcesBuildPhase section */
		FB8C44262B7361CD00D8D7F2 /* Resources */ = {
			isa = PBXResourcesBuildPhase;
			buildActionMask = 2147483647;
			files = (
				FB8C44332B7361CE00D8D7F2 /* Preview Assets.xcassets in Resources */,
				FB8C443E2B73B69400D8D7F2 /* Localizable.strings in Resources */,
				FB8C44302B7361CE00D8D7F2 /* Assets.xcassets in Resources */,
			);
			runOnlyForDeploymentPostprocessing = 0;
		};
/* End PBXResourcesBuildPhase section */

/* Begin PBXSourcesBuildPhase section */
		FB8C44242B7361CD00D8D7F2 /* Sources */ = {
			isa = PBXSourcesBuildPhase;
			buildActionMask = 2147483647;
			files = (
				FB385DC62B77145900B58DD8 /* AppDelegate.swift in Sources */,
				FB385DC82B7714E900B58DD8 /* AboutView.swift in Sources */,
				FB8C443B2B73637600D8D7F2 /* ReclistLoader.swift in Sources */,
				FB8C442E2B7361CD00D8D7F2 /* ContentView.swift in Sources */,
				FB8C442C2B7361CD00D8D7F2 /* VocalistApp.swift in Sources */,
				FB29EF4E2B749FB200FC5B3A /* AudioView.swift in Sources */,
				FB7401112B764F4200979C59 /* AuditView.swift in Sources */,
			);
			runOnlyForDeploymentPostprocessing = 0;
		};
/* End PBXSourcesBuildPhase section */

/* Begin PBXVariantGroup section */
		FB8C44402B73B69400D8D7F2 /* Localizable.strings */ = {
			isa = PBXVariantGroup;
			children = (
				FB8C443F2B73B69400D8D7F2 /* en */,
				FB8C44412B73B69600D8D7F2 /* zh-Hans */,
				FB8C44422B73B69700D8D7F2 /* ja */,
			);
			name = Localizable.strings;
			sourceTree = "<group>";
		};
/* End PBXVariantGroup section */

/* Begin XCBuildConfiguration section */
		FB8C44352B7361CE00D8D7F2 /* Debug */ = {
			isa = XCBuildConfiguration;
			buildSettings = {
				ALWAYS_SEARCH_USER_PATHS = NO;
				ASSETCATALOG_COMPILER_GENERATE_SWIFT_ASSET_SYMBOL_EXTENSIONS = YES;
				CLANG_ANALYZER_NONNULL = YES;
				CLANG_ANALYZER_NUMBER_OBJECT_CONVERSION = YES_AGGRESSIVE;
				CLANG_CXX_LANGUAGE_STANDARD = "gnu++20";
				CLANG_ENABLE_MODULES = YES;
				CLANG_ENABLE_OBJC_ARC = YES;
				CLANG_ENABLE_OBJC_WEAK = YES;
				CLANG_WARN_BLOCK_CAPTURE_AUTORELEASING = YES;
				CLANG_WARN_BOOL_CONVERSION = YES;
				CLANG_WARN_COMMA = YES;
				CLANG_WARN_CONSTANT_CONVERSION = YES;
				CLANG_WARN_DEPRECATED_OBJC_IMPLEMENTATIONS = YES;
				CLANG_WARN_DIRECT_OBJC_ISA_USAGE = YES_ERROR;
				CLANG_WARN_DOCUMENTATION_COMMENTS = YES;
				CLANG_WARN_EMPTY_BODY = YES;
				CLANG_WARN_ENUM_CONVERSION = YES;
				CLANG_WARN_INFINITE_RECURSION = YES;
				CLANG_WARN_INT_CONVERSION = YES;
				CLANG_WARN_NON_LITERAL_NULL_CONVERSION = YES;
				CLANG_WARN_OBJC_IMPLICIT_RETAIN_SELF = YES;
				CLANG_WARN_OBJC_LITERAL_CONVERSION = YES;
				CLANG_WARN_OBJC_ROOT_CLASS = YES_ERROR;
				CLANG_WARN_QUOTED_INCLUDE_IN_FRAMEWORK_HEADER = YES;
				CLANG_WARN_RANGE_LOOP_ANALYSIS = YES;
				CLANG_WARN_STRICT_PROTOTYPES = YES;
				CLANG_WARN_SUSPICIOUS_MOVE = YES;
				CLANG_WARN_UNGUARDED_AVAILABILITY = YES_AGGRESSIVE;
				CLANG_WARN_UNREACHABLE_CODE = YES;
				CLANG_WARN__DUPLICATE_METHOD_MATCH = YES;
				COPY_PHASE_STRIP = NO;
				DEBUG_INFORMATION_FORMAT = dwarf;
				ENABLE_STRICT_OBJC_MSGSEND = YES;
				ENABLE_TESTABILITY = YES;
				ENABLE_USER_SCRIPT_SANDBOXING = YES;
				GCC_C_LANGUAGE_STANDARD = gnu17;
				GCC_DYNAMIC_NO_PIC = NO;
				GCC_NO_COMMON_BLOCKS = YES;
				GCC_OPTIMIZATION_LEVEL = 0;
				GCC_PREPROCESSOR_DEFINITIONS = (
					"DEBUG=1",
					"$(inherited)",
				);
				GCC_WARN_64_TO_32_BIT_CONVERSION = YES;
				GCC_WARN_ABOUT_RETURN_TYPE = YES_ERROR;
				GCC_WARN_UNDECLARED_SELECTOR = YES;
				GCC_WARN_UNINITIALIZED_AUTOS = YES_AGGRESSIVE;
				GCC_WARN_UNUSED_FUNCTION = YES;
				GCC_WARN_UNUSED_VARIABLE = YES;
				LOCALIZATION_PREFERS_STRING_CATALOGS = YES;
				MACOSX_DEPLOYMENT_TARGET = 14.2;
				MTL_ENABLE_DEBUG_INFO = INCLUDE_SOURCE;
				MTL_FAST_MATH = YES;
				ONLY_ACTIVE_ARCH = YES;
				SDKROOT = macosx;
				SWIFT_ACTIVE_COMPILATION_CONDITIONS = "DEBUG $(inherited)";
				SWIFT_OPTIMIZATION_LEVEL = "-Onone";
			};
			name = Debug;
		};
		FB8C44362B7361CE00D8D7F2 /* Release */ = {
			isa = XCBuildConfiguration;
			buildSettings = {
				ALWAYS_SEARCH_USER_PATHS = NO;
				ASSETCATALOG_COMPILER_GENERATE_SWIFT_ASSET_SYMBOL_EXTENSIONS = YES;
				CLANG_ANALYZER_NONNULL = YES;
				CLANG_ANALYZER_NUMBER_OBJECT_CONVERSION = YES_AGGRESSIVE;
				CLANG_CXX_LANGUAGE_STANDARD = "gnu++20";
				CLANG_ENABLE_MODULES = YES;
				CLANG_ENABLE_OBJC_ARC = YES;
				CLANG_ENABLE_OBJC_WEAK = YES;
				CLANG_WARN_BLOCK_CAPTURE_AUTORELEASING = YES;
				CLANG_WARN_BOOL_CONVERSION = YES;
				CLANG_WARN_COMMA = YES;
				CLANG_WARN_CONSTANT_CONVERSION = YES;
				CLANG_WARN_DEPRECATED_OBJC_IMPLEMENTATIONS = YES;
				CLANG_WARN_DIRECT_OBJC_ISA_USAGE = YES_ERROR;
				CLANG_WARN_DOCUMENTATION_COMMENTS = YES;
				CLANG_WARN_EMPTY_BODY = YES;
				CLANG_WARN_ENUM_CONVERSION = YES;
				CLANG_WARN_INFINITE_RECURSION = YES;
				CLANG_WARN_INT_CONVERSION = YES;
				CLANG_WARN_NON_LITERAL_NULL_CONVERSION = YES;
				CLANG_WARN_OBJC_IMPLICIT_RETAIN_SELF = YES;
				CLANG_WARN_OBJC_LITERAL_CONVERSION = YES;
				CLANG_WARN_OBJC_ROOT_CLASS = YES_ERROR;
				CLANG_WARN_QUOTED_INCLUDE_IN_FRAMEWORK_HEADER = YES;
				CLANG_WARN_RANGE_LOOP_ANALYSIS = YES;
				CLANG_WARN_STRICT_PROTOTYPES = YES;
				CLANG_WARN_SUSPICIOUS_MOVE = YES;
				CLANG_WARN_UNGUARDED_AVAILABILITY = YES_AGGRESSIVE;
				CLANG_WARN_UNREACHABLE_CODE = YES;
				CLANG_WARN__DUPLICATE_METHOD_MATCH = YES;
				COPY_PHASE_STRIP = NO;
				DEBUG_INFORMATION_FORMAT = "dwarf-with-dsym";
				ENABLE_NS_ASSERTIONS = NO;
				ENABLE_STRICT_OBJC_MSGSEND = YES;
				ENABLE_USER_SCRIPT_SANDBOXING = YES;
				GCC_C_LANGUAGE_STANDARD = gnu17;
				GCC_NO_COMMON_BLOCKS = YES;
				GCC_WARN_64_TO_32_BIT_CONVERSION = YES;
				GCC_WARN_ABOUT_RETURN_TYPE = YES_ERROR;
				GCC_WARN_UNDECLARED_SELECTOR = YES;
				GCC_WARN_UNINITIALIZED_AUTOS = YES_AGGRESSIVE;
				GCC_WARN_UNUSED_FUNCTION = YES;
				GCC_WARN_UNUSED_VARIABLE = YES;
				LOCALIZATION_PREFERS_STRING_CATALOGS = YES;
				MACOSX_DEPLOYMENT_TARGET = 14.2;
				MTL_ENABLE_DEBUG_INFO = NO;
				MTL_FAST_MATH = YES;
				SDKROOT = macosx;
				SWIFT_COMPILATION_MODE = wholemodule;
			};
			name = Release;
		};
		FB8C44382B7361CE00D8D7F2 /* Debug */ = {
			isa = XCBuildConfiguration;
			buildSettings = {
				ASSETCATALOG_COMPILER_APPICON_NAME = AppIcon;
				ASSETCATALOG_COMPILER_GLOBAL_ACCENT_COLOR_NAME = AccentColor;
				CODE_SIGN_ENTITLEMENTS = Vocalist/Vocalist.entitlements;
				"CODE_SIGN_IDENTITY[sdk=macosx*]" = "Apple Development";
				CODE_SIGN_STYLE = Automatic;
				COMBINE_HIDPI_IMAGES = YES;
				CURRENT_PROJECT_VERSION = 2;
				DEVELOPMENT_ASSET_PATHS = "\"Vocalist/Preview Content\"";
				DEVELOPMENT_TEAM = 6PPLU9GFJ6;
				ENABLE_HARDENED_RUNTIME = YES;
				ENABLE_PREVIEWS = YES;
				GENERATE_INFOPLIST_FILE = YES;
				INFOPLIST_KEY_CFBundleDisplayName = Vocalist;
				INFOPLIST_KEY_LSApplicationCategoryType = "public.app-category.productivity";
				INFOPLIST_KEY_NSHumanReadableCopyright = "";
				INFOPLIST_KEY_NSMicrophoneUsageDescription = "This app requires microphone access to record your voice.";
				LD_RUNPATH_SEARCH_PATHS = (
					"$(inherited)",
					"@executable_path/../Frameworks",
				);
				MACOSX_DEPLOYMENT_TARGET = 14.0;
				MARKETING_VERSION = 1.0.1E;
				PRODUCT_BUNDLE_IDENTIFIER = com.ookamitai.Vocalist;
				PRODUCT_NAME = "$(TARGET_NAME)";
				SWIFT_EMIT_LOC_STRINGS = YES;
				SWIFT_VERSION = 5.0;
			};
			name = Debug;
		};
		FB8C44392B7361CE00D8D7F2 /* Release */ = {
			isa = XCBuildConfiguration;
			buildSettings = {
				ASSETCATALOG_COMPILER_APPICON_NAME = AppIcon;
				ASSETCATALOG_COMPILER_GLOBAL_ACCENT_COLOR_NAME = AccentColor;
				CODE_SIGN_ENTITLEMENTS = Vocalist/Vocalist.entitlements;
				"CODE_SIGN_IDENTITY[sdk=macosx*]" = "Apple Development";
				CODE_SIGN_STYLE = Automatic;
				COMBINE_HIDPI_IMAGES = YES;
				CURRENT_PROJECT_VERSION = 2;
				DEVELOPMENT_ASSET_PATHS = "\"Vocalist/Preview Content\"";
				DEVELOPMENT_TEAM = 6PPLU9GFJ6;
				ENABLE_HARDENED_RUNTIME = YES;
				ENABLE_PREVIEWS = YES;
				GENERATE_INFOPLIST_FILE = YES;
				INFOPLIST_KEY_CFBundleDisplayName = Vocalist;
				INFOPLIST_KEY_LSApplicationCategoryType = "public.app-category.productivity";
				INFOPLIST_KEY_NSHumanReadableCopyright = "";
				INFOPLIST_KEY_NSMicrophoneUsageDescription = "This app requires microphone access to record your voice.";
				LD_RUNPATH_SEARCH_PATHS = (
					"$(inherited)",
					"@executable_path/../Frameworks",
				);
				MACOSX_DEPLOYMENT_TARGET = 14.0;
				MARKETING_VERSION = 1.0.1E;
				PRODUCT_BUNDLE_IDENTIFIER = com.ookamitai.Vocalist;
				PRODUCT_NAME = "$(TARGET_NAME)";
				SWIFT_EMIT_LOC_STRINGS = YES;
				SWIFT_VERSION = 5.0;
			};
			name = Release;
		};
/* End XCBuildConfiguration section */

/* Begin XCConfigurationList section */
		FB8C44232B7361CD00D8D7F2 /* Build configuration list for PBXProject "Vocalist" */ = {
			isa = XCConfigurationList;
			buildConfigurations = (
				FB8C44352B7361CE00D8D7F2 /* Debug */,
				FB8C44362B7361CE00D8D7F2 /* Release */,
			);
			defaultConfigurationIsVisible = 0;
			defaultConfigurationName = Release;
		};
		FB8C44372B7361CE00D8D7F2 /* Build configuration list for PBXNativeTarget "Vocalist" */ = {
			isa = XCConfigurationList;
			buildConfigurations = (
				FB8C44382B7361CE00D8D7F2 /* Debug */,
				FB8C44392B7361CE00D8D7F2 /* Release */,
			);
			defaultConfigurationIsVisible = 0;
			defaultConfigurationName = Release;
		};
/* End XCConfigurationList section */

/* Begin XCRemoteSwiftPackageReference section */
		FB29EF522B74B0D700FC5B3A /* XCRemoteSwiftPackageReference "DSWaveformImage" */ = {
			isa = XCRemoteSwiftPackageReference;
			repositoryURL = "https://github.com/dmrschmidt/DSWaveformImage";
			requirement = {
				kind = upToNextMajorVersion;
				minimumVersion = 14.2.2;
			};
		};
/* End XCRemoteSwiftPackageReference section */

/* Begin XCSwiftPackageProductDependency section */
		FB29EF532B74B0D700FC5B3A /* DSWaveformImage */ = {
			isa = XCSwiftPackageProductDependency;
			package = FB29EF522B74B0D700FC5B3A /* XCRemoteSwiftPackageReference "DSWaveformImage" */;
			productName = DSWaveformImage;
		};
		FB29EF552B74B0D700FC5B3A /* DSWaveformImageViews */ = {
			isa = XCSwiftPackageProductDependency;
			package = FB29EF522B74B0D700FC5B3A /* XCRemoteSwiftPackageReference "DSWaveformImage" */;
			productName = DSWaveformImageViews;
		};
/* End XCSwiftPackageProductDependency section */
	};
	rootObject = FB8C44202B7361CD00D8D7F2 /* Project object */;
}
